{
  "pins" : [
    {
      "identity" : "realm-core",
      "kind" : "remoteSourceControl",
      "location" : "https://github.com/realm/realm-core.git",
      "state" : {
        "revision" : "b77443ca7fa25407869ca537bf3ae912b1427bff",
        "version" : "12.13.0"
      }
    },
    {
      "identity" : "realm-swift",
      "kind" : "remoteSourceControl",
      "location" : "https://github.com/realm/realm-swift.git",
      "state" : {
        "branch" : "master",
        "revision" : "cc847d103a190ea5aa3786bab67d44f3436f261f"
      }
    },
    {
      "identity" : "swiftkeychainwrapper",
      "kind" : "remoteSourceControl",
      "location" : "https://github.com/jrendel/SwiftKeychainWrapper",
      "state" : {
        "revision" : "185a3165346a03767101c4f62e9a545a0fe0530f",
        "version" : "4.0.1"
      }
    }
  ],
  "version" : 2
}
